
Microsoft Visual Studio Solution File, Format Version 12.00
# Visual Studio Version 17
VisualStudioVersion = 17.3.32901.215
MinimumVisualStudioVersion = 10.0.40219.1
Project("{FAE04EC0-301F-11D3-BF4B-00C04F79EFBC}") = "RedArbor_Jmendez", "RedArbor_Jmendez\RedArbor_Jmendez.csproj", "{EBB419FE-10A9-42C5-8C31-80B379E44AA4}"
EndProject
Project("{FAE04EC0-301F-11D3-BF4B-00C04F79EFBC}") = "RedArbor_Jmendez_DAL", "RedArbor_Jmendez_DAL\RedArbor_Jmendez_DAL.csproj", "{CD28B7D4-9040-4735-ABB6-48D43D417416}"
EndProject
Project("{FAE04EC0-301F-11D3-BF4B-00C04F79EFBC}") = "RedArbor_Jmendez_Test", "RedArbor_Jmendez_Test\RedArbor_Jmendez_Test.csproj", "{83BAE7B0-C3CD-4DE1-80F4-926DC296DBA6}"
EndProject
Global
	GlobalSection(SolutionConfigurationPlatforms) = preSolution
		Debug|Any CPU = Debug|Any CPU
		Release|Any CPU = Release|Any CPU
	EndGlobalSection
	GlobalSection(ProjectConfigurationPlatforms) = postSolution
		{EBB419FE-10A9-42C5-8C31-80B379E44AA4}.Debug|Any CPU.ActiveCfg = Debug|Any CPU
		{EBB419FE-10A9-42C5-8C31-80B379E44AA4}.Debug|Any CPU.Build.0 = Debug|Any CPU
		{EBB419FE-10A9-42C5-8C31-80B379E44AA4}.Release|Any CPU.ActiveCfg = Release|Any CPU
		{EBB419FE-10A9-42C5-8C31-80B379E44AA4}.Release|Any CPU.Build.0 = Release|Any CPU
		{CD28B7D4-9040-4735-ABB6-48D43D417416}.Debug|Any CPU.ActiveCfg = Debug|Any CPU
		{CD28B7D4-9040-4735-ABB6-48D43D417416}.Debug|Any CPU.Build.0 = Debug|Any CPU
		{CD28B7D4-9040-4735-ABB6-48D43D417416}.Release|Any CPU.ActiveCfg = Release|Any CPU
		{CD28B7D4-9040-4735-ABB6-48D43D417416}.Release|Any CPU.Build.0 = Release|Any CPU
		{83BAE7B0-C3CD-4DE1-80F4-926DC296DBA6}.Debug|Any CPU.ActiveCfg = Debug|Any CPU
		{83BAE7B0-C3CD-4DE1-80F4-926DC296DBA6}.Debug|Any CPU.Build.0 = Debug|Any CPU
		{83BAE7B0-C3CD-4DE1-80F4-926DC296DBA6}.Release|Any CPU.ActiveCfg = Release|Any CPU
		{83BAE7B0-C3CD-4DE1-80F4-926DC296DBA6}.Release|Any CPU.Build.0 = Release|Any CPU
	EndGlobalSection
	GlobalSection(SolutionProperties) = preSolution
		HideSolutionNode = FALSE
	EndGlobalSection
	GlobalSection(ExtensibilityGlobals) = postSolution
		SolutionGuid = {FBC38558-6ACE-4CBC-87E8-6A8DD97DE474}
	EndGlobalSection
EndGlobal
